// !$*UTF8*$!
{
	archiveVersion = 1;
	classes = {
	};
	objectVersion = 48;
	objects = {

/* Begin PBXBuildFile section */
		9A0D050D1FB04B5200CE92FF /* AppDelegate.swift in Sources */ = {isa = PBXBuildFile; fileRef = 9A0D050C1FB04B5200CE92FF /* AppDelegate.swift */; };
		9A0D050F1FB04B5200CE92FF /* ViewController.swift in Sources */ = {isa = PBXBuildFile; fileRef = 9A0D050E1FB04B5200CE92FF /* ViewController.swift */; };
		9A0D05121FB04B5200CE92FF /* Main.storyboard in Resources */ = {isa = PBXBuildFile; fileRef = 9A0D05101FB04B5200CE92FF /* Main.storyboard */; };
		9A0D05141FB04B5200CE92FF /* Assets.xcassets in Resources */ = {isa = PBXBuildFile; fileRef = 9A0D05131FB04B5200CE92FF /* Assets.xcassets */; };
		9A0D05171FB04B5200CE92FF /* LaunchScreen.storyboard in Resources */ = {isa = PBXBuildFile; fileRef = 9A0D05151FB04B5200CE92FF /* LaunchScreen.storyboard */; };
		9A0D05221FB04B5200CE92FF /* KontakAlamofireTests.swift in Sources */ = {isa = PBXBuildFile; fileRef = 9A0D05211FB04B5200CE92FF /* KontakAlamofireTests.swift */; };
		9A0D052D1FB04B5200CE92FF /* KontakAlamofireUITests.swift in Sources */ = {isa = PBXBuildFile; fileRef = 9A0D052C1FB04B5200CE92FF /* KontakAlamofireUITests.swift */; };
/* End PBXBuildFile section */

/* Begin PBXContainerItemProxy section */
		9A0D051E1FB04B5200CE92FF /* PBXContainerItemProxy */ = {
			isa = PBXContainerItemProxy;
			containerPortal = 9A0D05011FB04B5200CE92FF /* Project object */;
			proxyType = 1;
			remoteGlobalIDString = 9A0D05081FB04B5200CE92FF;
			remoteInfo = KontakAlamofire;
		};
		9A0D05291FB04B5200CE92FF /* PBXContainerItemProxy */ = {
			isa = PBXContainerItemProxy;
			containerPortal = 9A0D05011FB04B5200CE92FF /* Project object */;
			proxyType = 1;
			remoteGlobalIDString = 9A0D05081FB04B5200CE92FF;
			remoteInfo = KontakAlamofire;
		};
/* End PBXContainerItemProxy section */

/* Begin PBXFileReference section */
		9A0D05091FB04B5200CE92FF /* KontakAlamofire.app */ = {isa = PBXFileReference; explicitFileType = wrapper.application; includeInIndex = 0; path = KontakAlamofire.app; sourceTree = BUILT_PRODUCTS_DIR; };
		9A0D050C1FB04B5200CE92FF /* AppDelegate.swift */ = {isa = PBXFileReference; lastKnownFileType = sourcecode.swift; path = AppDelegate.swift; sourceTree = "<group>"; };
		9A0D050E1FB04B5200CE92FF /* ViewController.swift */ = {isa = PBXFileReference; lastKnownFileType = sourcecode.swift; path = ViewController.swift; sourceTree = "<group>"; };
		9A0D05111FB04B5200CE92FF /* Base */ = {isa = PBXFileReference; lastKnownFileType = file.storyboard; name = Base; path = Base.lproj/Main.storyboard; sourceTree = "<group>"; };
		9A0D05131FB04B5200CE92FF /* Assets.xcassets */ = {isa = PBXFileReference; lastKnownFileType = folder.assetcatalog; path = Assets.xcassets; sourceTree = "<group>"; };
		9A0D05161FB04B5200CE92FF /* Base */ = {isa = PBXFileReference; lastKnownFileType = file.storyboard; name = Base; path = Base.lproj/LaunchScreen.storyboard; sourceTree = "<group>"; };
		9A0D05181FB04B5200CE92FF /* Info.plist */ = {isa = PBXFileReference; lastKnownFileType = text.plist.xml; path = Info.plist; sourceTree = "<group>"; };
		9A0D051D1FB04B5200CE92FF /* KontakAlamofireTests.xctest */ = {isa = PBXFileReference; explicitFileType = wrapper.cfbundle; includeInIndex = 0; path = KontakAlamofireTests.xctest; sourceTree = BUILT_PRODUCTS_DIR; };
		9A0D05211FB04B5200CE92FF /* KontakAlamofireTests.swift */ = {isa = PBXFileReference; lastKnownFileType = sourcecode.swift; path = KontakAlamofireTests.swift; sourceTree = "<group>"; };
		9A0D05231FB04B5200CE92FF /* Info.plist */ = {isa = PBXFileReference; lastKnownFileType = text.plist.xml; path = Info.plist; sourceTree = "<group>"; };
		9A0D05281FB04B5200CE92FF /* KontakAlamofireUITests.xctest */ = {isa = PBXFileReference; explicitFileType = wrapper.cfbundle; includeInIndex = 0; path = KontakAlamofireUITests.xctest; sourceTree = BUILT_PRODUCTS_DIR; };
		9A0D052C1FB04B5200CE92FF /* KontakAlamofireUITests.swift */ = {isa = PBXFileReference; lastKnownFileType = sourcecode.swift; path = KontakAlamofireUITests.swift; sourceTree = "<group>"; };
		9A0D052E1FB04B5200CE92FF /* Info.plist */ = {isa = PBXFileReference; lastKnownFileType = text.plist.xml; path = Info.plist; sourceTree = "<group>"; };
/* End PBXFileReference section */

/* Begin PBXFrameworksBuildPhase section */
		9A0D05061FB04B5200CE92FF /* Frameworks */ = {
			isa = PBXFrameworksBuildPhase;
			buildActionMask = 2147483647;
			files = (
			);
			runOnlyForDeploymentPostprocessing = 0;
		};
		9A0D051A1FB04B5200CE92FF /* Frameworks */ = {
			isa = PBXFrameworksBuildPhase;
			buildActionMask = 2147483647;
			files = (
			);
			runOnlyForDeploymentPostprocessing = 0;
		};
		9A0D05251FB04B5200CE92FF /* Frameworks */ = {
			isa = PBXFrameworksBuildPhase;
			buildActionMask = 2147483647;
			files = (
			);
			runOnlyForDeploymentPostprocessing = 0;
		};
/* End PBXFrameworksBuildPhase section */

/* Begin PBXGroup section */
		9A0D05001FB04B5200CE92FF = {
			isa = PBXGroup;
			children = (
				9A0D050B1FB04B5200CE92FF /* KontakAlamofire */,
				9A0D05201FB04B5200CE92FF /* KontakAlamofireTests */,
				9A0D052B1FB04B5200CE92FF /* KontakAlamofireUITests */,
				9A0D050A1FB04B5200CE92FF /* Products */,
			);
			sourceTree = "<group>";
		};
		9A0D050A1FB04B5200CE92FF /* Products */ = {
			isa = PBXGroup;
			children = (
				9A0D05091FB04B5200CE92FF /* KontakAlamofire.app */,
				9A0D051D1FB04B5200CE92FF /* KontakAlamofireTests.xctest */,
				9A0D05281FB04B5200CE92FF /* KontakAlamofireUITests.xctest */,
			);
			name = Products;
			sourceTree = "<group>";
		};
		9A0D050B1FB04B5200CE92FF /* KontakAlamofire */ = {
			isa = PBXGroup;
			children = (
				9A0D050C1FB04B5200CE92FF /* AppDelegate.swift */,
				9A0D050E1FB04B5200CE92FF /* ViewController.swift */,
				9A0D05101FB04B5200CE92FF /* Main.storyboard */,
				9A0D05131FB04B5200CE92FF /* Assets.xcassets */,
				9A0D05151FB04B5200CE92FF /* LaunchScreen.storyboard */,
				9A0D05181FB04B5200CE92FF /* Info.plist */,
			);
			path = KontakAlamofire;
			sourceTree = "<group>";
		};
		9A0D05201FB04B5200CE92FF /* KontakAlamofireTests */ = {
			isa = PBXGroup;
			children = (
				9A0D05211FB04B5200CE92FF /* KontakAlamofireTests.swift */,
				9A0D05231FB04B5200CE92FF /* Info.plist */,
			);
			path = KontakAlamofireTests;
			sourceTree = "<group>";
		};
		9A0D052B1FB04B5200CE92FF /* KontakAlamofireUITests */ = {
			isa = PBXGroup;
			children = (
				9A0D052C1FB04B5200CE92FF /* KontakAlamofireUITests.swift */,
				9A0D052E1FB04B5200CE92FF /* Info.plist */,
			);
			path = KontakAlamofireUITests;
			sourceTree = "<group>";
		};
/* End PBXGroup section */

/* Begin PBXNativeTarget section */
		9A0D05081FB04B5200CE92FF /* KontakAlamofire */ = {
			isa = PBXNativeTarget;
			buildConfigurationList = 9A0D05311FB04B5200CE92FF /* Build configuration list for PBXNativeTarget "KontakAlamofire" */;
			buildPhases = (
				9A0D05051FB04B5200CE92FF /* Sources */,
				9A0D05061FB04B5200CE92FF /* Frameworks */,
				9A0D05071FB04B5200CE92FF /* Resources */,
			);
			buildRules = (
			);
			dependencies = (
			);
			name = KontakAlamofire;
			productName = KontakAlamofire;
			productReference = 9A0D05091FB04B5200CE92FF /* KontakAlamofire.app */;
			productType = "com.apple.product-type.application";
		};
		9A0D051C1FB04B5200CE92FF /* KontakAlamofireTests */ = {
			isa = PBXNativeTarget;
			buildConfigurationList = 9A0D05341FB04B5200CE92FF /* Build configuration list for PBXNativeTarget "KontakAlamofireTests" */;
			buildPhases = (
				9A0D05191FB04B5200CE92FF /* Sources */,
				9A0D051A1FB04B5200CE92FF /* Frameworks */,
				9A0D051B1FB04B5200CE92FF /* Resources */,
			);
			buildRules = (
			);
			dependencies = (
				9A0D051F1FB04B5200CE92FF /* PBXTargetDependency */,
			);
			name = KontakAlamofireTests;
			productName = KontakAlamofireTests;
			productReference = 9A0D051D1FB04B5200CE92FF /* KontakAlamofireTests.xctest */;
			productType = "com.apple.product-type.bundle.unit-test";
		};
		9A0D05271FB04B5200CE92FF /* KontakAlamofireUITests */ = {
			isa = PBXNativeTarget;
			buildConfigurationList = 9A0D05371FB04B5200CE92FF /* Build configuration list for PBXNativeTarget "KontakAlamofireUITests" */;
			buildPhases = (
				9A0D05241FB04B5200CE92FF /* Sources */,
				9A0D05251FB04B5200CE92FF /* Frameworks */,
				9A0D05261FB04B5200CE92FF /* Resources */,
			);
			buildRules = (
			);
			dependencies = (
				9A0D052A1FB04B5200CE92FF /* PBXTargetDependency */,
			);
			name = KontakAlamofireUITests;
			productName = KontakAlamofireUITests;
			productReference = 9A0D05281FB04B5200CE92FF /* KontakAlamofireUITests.xctest */;
			productType = "com.apple.product-type.bundle.ui-testing";
		};
/* End PBXNativeTarget section */

/* Begin PBXProject section */
		9A0D05011FB04B5200CE92FF /* Project object */ = {
			isa = PBXProject;
			attributes = {
				LastSwiftUpdateCheck = 0900;
				LastUpgradeCheck = 0900;
				ORGANIZATIONNAME = "Rizki Syaputra";
				TargetAttributes = {
					9A0D05081FB04B5200CE92FF = {
						CreatedOnToolsVersion = 9.0.1;
						ProvisioningStyle = Automatic;
					};
					9A0D051C1FB04B5200CE92FF = {
						CreatedOnToolsVersion = 9.0.1;
						ProvisioningStyle = Automatic;
						TestTargetID = 9A0D05081FB04B5200CE92FF;
					};
					9A0D05271FB04B5200CE92FF = {
						CreatedOnToolsVersion = 9.0.1;
						ProvisioningStyle = Automatic;
						TestTargetID = 9A0D05081FB04B5200CE92FF;
					};
				};
			};
			buildConfigurationList = 9A0D05041FB04B5200CE92FF /* Build configuration list for PBXProject "KontakAlamofire" */;
			compatibilityVersion = "Xcode 8.0";
			developmentRegion = en;
			hasScannedForEncodings = 0;
			knownRegions = (
				en,
				Base,
			);
			mainGroup = 9A0D05001FB04B5200CE92FF;
			productRefGroup = 9A0D050A1FB04B5200CE92FF /* Products */;
			projectDirPath = "";
			projectRoot = "";
			targets = (
				9A0D05081FB04B5200CE92FF /* KontakAlamofire */,
				9A0D051C1FB04B5200CE92FF /* KontakAlamofireTests */,
				9A0D05271FB04B5200CE92FF /* KontakAlamofireUITests */,
			);
		};
/* End PBXProject section */

/* Begin PBXResourcesBuildPhase section */
		9A0D05071FB04B5200CE92FF /* Resources */ = {
			isa = PBXResourcesBuildPhase;
			buildActionMask = 2147483647;
			files = (
				9A0D05171FB04B5200CE92FF /* LaunchScreen.storyboard in Resources */,
				9A0D05141FB04B5200CE92FF /* Assets.xcassets in Resources */,
				9A0D05121FB04B5200CE92FF /* Main.storyboard in Resources */,
			);
			runOnlyForDeploymentPostprocessing = 0;
		};
		9A0D051B1FB04B5200CE92FF /* Resources */ = {
			isa = PBXResourcesBuildPhase;
			buildActionMask = 2147483647;
			files = (
			);
			runOnlyForDeploymentPostprocessing = 0;
		};
		9A0D05261FB04B5200CE92FF /* Resources */ = {
			isa = PBXResourcesBuildPhase;
			buildActionMask = 2147483647;
			files = (
			);
			runOnlyForDeploymentPostprocessing = 0;
		};
/* End PBXResourcesBuildPhase section */

/* Begin PBXSourcesBuildPhase section */
		9A0D05051FB04B5200CE92FF /* Sources */ = {
			isa = PBXSourcesBuildPhase;
			buildActionMask = 2147483647;
			files = (
				9A0D050F1FB04B5200CE92FF /* ViewController.swift in Sources */,
				9A0D050D1FB04B5200CE92FF /* AppDelegate.swift in Sources */,
			);
			runOnlyForDeploymentPostprocessing = 0;
		};
		9A0D05191FB04B5200CE92FF /* Sources */ = {
			isa = PBXSourcesBuildPhase;
			buildActionMask = 2147483647;
			files = (
				9A0D05221FB04B5200CE92FF /* KontakAlamofireTests.swift in Sources */,
			);
			runOnlyForDeploymentPostprocessing = 0;
		};
		9A0D05241FB04B5200CE92FF /* Sources */ = {
			isa = PBXSourcesBuildPhase;
			buildActionMask = 2147483647;
			files = (
				9A0D052D1FB04B5200CE92FF /* KontakAlamofireUITests.swift in Sources */,
			);
			runOnlyForDeploymentPostprocessing = 0;
		};
/* End PBXSourcesBuildPhase section */

/* Begin PBXTargetDependency section */
		9A0D051F1FB04B5200CE92FF /* PBXTargetDependency */ = {
			isa = PBXTargetDependency;
			target = 9A0D05081FB04B5200CE92FF /* KontakAlamofire */;
			targetProxy = 9A0D051E1FB04B5200CE92FF /* PBXContainerItemProxy */;
		};
		9A0D052A1FB04B5200CE92FF /* PBXTargetDependency */ = {
			isa = PBXTargetDependency;
			target = 9A0D05081FB04B5200CE92FF /* KontakAlamofire */;
			targetProxy = 9A0D05291FB04B5200CE92FF /* PBXContainerItemProxy */;
		};
/* End PBXTargetDependency section */

/* Begin PBXVariantGroup section */
		9A0D05101FB04B5200CE92FF /* Main.storyboard */ = {
			isa = PBXVariantGroup;
			children = (
				9A0D05111FB04B5200CE92FF /* Base */,
			);
			name = Main.storyboard;
			sourceTree = "<group>";
		};
		9A0D05151FB04B5200CE92FF /* LaunchScreen.storyboard */ = {
			isa = PBXVariantGroup;
			children = (
				9A0D05161FB04B5200CE92FF /* Base */,
			);
			name = LaunchScreen.storyboard;
			sourceTree = "<group>";
		};
/* End PBXVariantGroup section */

/* Begin XCBuildConfiguration section */
		9A0D052F1FB04B5200CE92FF /* Debug */ = {
			isa = XCBuildConfiguration;
			buildSettings = {
				ALWAYS_SEARCH_USER_PATHS = NO;
				CLANG_ANALYZER_NONNULL = YES;
				CLANG_ANALYZER_NUMBER_OBJECT_CONVERSION = YES_AGGRESSIVE;
				CLANG_CXX_LANGUAGE_STANDARD = "gnu++14";
				CLANG_CXX_LIBRARY = "libc++";
				CLANG_ENABLE_MODULES = YES;
				CLANG_ENABLE_OBJC_ARC = YES;
				CLANG_WARN_BLOCK_CAPTURE_AUTORELEASING = YES;
				CLANG_WARN_BOOL_CONVERSION = YES;
				CLANG_WARN_COMMA = YES;
				CLANG_WARN_CONSTANT_CONVERSION = YES;
				CLANG_WARN_DIRECT_OBJC_ISA_USAGE = YES_ERROR;
				CLANG_WARN_DOCUMENTATION_COMMENTS = YES;
				CLANG_WARN_EMPTY_BODY = YES;
				CLANG_WARN_ENUM_CONVERSION = YES;
				CLANG_WARN_INFINITE_RECURSION = YES;
				CLANG_WARN_INT_CONVERSION = YES;
				CLANG_WARN_NON_LITERAL_NULL_CONVERSION = YES;
				CLANG_WARN_OBJC_LITERAL_CONVERSION = YES;
				CLANG_WARN_OBJC_ROOT_CLASS = YES_ERROR;
				CLANG_WARN_RANGE_LOOP_ANALYSIS = YES;
				CLANG_WARN_STRICT_PROTOTYPES = YES;
				CLANG_WARN_SUSPICIOUS_MOVE = YES;
				CLANG_WARN_UNGUARDED_AVAILABILITY = YES_AGGRESSIVE;
				CLANG_WARN_UNREACHABLE_CODE = YES;
				CLANG_WARN__DUPLICATE_METHOD_MATCH = YES;
				CODE_SIGN_IDENTITY = "iPhone Developer";
				COPY_PHASE_STRIP = NO;
				DEBUG_INFORMATION_FORMAT = dwarf;
				ENABLE_STRICT_OBJC_MSGSEND = YES;
				ENABLE_TESTABILITY = YES;
				GCC_C_LANGUAGE_STANDARD = gnu11;
				GCC_DYNAMIC_NO_PIC = NO;
				GCC_NO_COMMON_BLOCKS = YES;
				GCC_OPTIMIZATION_LEVEL = 0;
				GCC_PREPROCESSOR_DEFINITIONS = (
					"DEBUG=1",
					"$(inherited)",
				);
				GCC_WARN_64_TO_32_BIT_CONVERSION = YES;
				GCC_WARN_ABOUT_RETURN_TYPE = YES_ERROR;
				GCC_WARN_UNDECLARED_SELECTOR = YES;
				GCC_WARN_UNINITIALIZED_AUTOS = YES_AGGRESSIVE;
				GCC_WARN_UNUSED_FUNCTION = YES;
				GCC_WARN_UNUSED_VARIABLE = YES;
				IPHONEOS_DEPLOYMENT_TARGET = 11.0;
				MTL_ENABLE_DEBUG_INFO = YES;
				ONLY_ACTIVE_ARCH = YES;
				SDKROOT = iphoneos;
				SWIFT_ACTIVE_COMPILATION_CONDITIONS = DEBUG;
				SWIFT_OPTIMIZATION_LEVEL = "-Onone";
			};
			name = Debug;
		};
		9A0D05301FB04B5200CE92FF /* Release */ = {
			isa = XCBuildConfiguration;
			buildSettings = {
				ALWAYS_SEARCH_USER_PATHS = NO;
				CLANG_ANALYZER_NONNULL = YES;
				CLANG_ANALYZER_NUMBER_OBJECT_CONVERSION = YES_AGGRESSIVE;
				CLANG_CXX_LANGUAGE_STANDARD = "gnu++14";
				CLANG_CXX_LIBRARY = "libc++";
				CLANG_ENABLE_MODULES = YES;
				CLANG_ENABLE_OBJC_ARC = YES;
				CLANG_WARN_BLOCK_CAPTURE_AUTORELEASING = YES;
				CLANG_WARN_BOOL_CONVERSION = YES;
				CLANG_WARN_COMMA = YES;
				CLANG_WARN_CONSTANT_CONVERSION = YES;
				CLANG_WARN_DIRECT_OBJC_ISA_USAGE = YES_ERROR;
				CLANG_WARN_DOCUMENTATION_COMMENTS = YES;
				CLANG_WARN_EMPTY_BODY = YES;
				CLANG_WARN_ENUM_CONVERSION = YES;
				CLANG_WARN_INFINITE_RECURSION = YES;
				CLANG_WARN_INT_CONVERSION = YES;
				CLANG_WARN_NON_LITERAL_NULL_CONVERSION = YES;
				CLANG_WARN_OBJC_LITERAL_CONVERSION = YES;
				CLANG_WARN_OBJC_ROOT_CLASS = YES_ERROR;
				CLANG_WARN_RANGE_LOOP_ANALYSIS = YES;
				CLANG_WARN_STRICT_PROTOTYPES = YES;
				CLANG_WARN_SUSPICIOUS_MOVE = YES;
				CLANG_WARN_UNGUARDED_AVAILABILITY = YES_AGGRESSIVE;
				CLANG_WARN_UNREACHABLE_CODE = YES;
				CLANG_WARN__DUPLICATE_METHOD_MATCH = YES;
				CODE_SIGN_IDENTITY = "iPhone Developer";
				COPY_PHASE_STRIP = NO;
				DEBUG_INFORMATION_FORMAT = "dwarf-with-dsym";
				ENABLE_NS_ASSERTIONS = NO;
				ENABLE_STRICT_OBJC_MSGSEND = YES;
				GCC_C_LANGUAGE_STANDARD = gnu11;
				GCC_NO_COMMON_BLOCKS = YES;
				GCC_WARN_64_TO_32_BIT_CONVERSION = YES;
				GCC_WARN_ABOUT_RETURN_TYPE = YES_ERROR;
				GCC_WARN_UNDECLARED_SELECTOR = YES;
				GCC_WARN_UNINITIALIZED_AUTOS = YES_AGGRESSIVE;
				GCC_WARN_UNUSED_FUNCTION = YES;
				GCC_WARN_UNUSED_VARIABLE = YES;
				IPHONEOS_DEPLOYMENT_TARGET = 11.0;
				MTL_ENABLE_DEBUG_INFO = NO;
				SDKROOT = iphoneos;
				SWIFT_OPTIMIZATION_LEVEL = "-Owholemodule";
				VALIDATE_PRODUCT = YES;
			};
			name = Release;
		};
		9A0D05321FB04B5200CE92FF /* Debug */ = {
			isa = XCBuildConfiguration;
			buildSettings = {
				ASSETCATALOG_COMPILER_APPICON_NAME = AppIcon;
				CODE_SIGN_STYLE = Automatic;
				DEVELOPMENT_TEAM = QN236W67X5;
				INFOPLIST_FILE = KontakAlamofire/Info.plist;
				LD_RUNPATH_SEARCH_PATHS = "$(inherited) @executable_path/Frameworks";
				PRODUCT_BUNDLE_IDENTIFIER = programmermuslim.KontakAlamofire;
				PRODUCT_NAME = "$(TARGET_NAME)";
				SWIFT_VERSION = 4.0;
				TARGETED_DEVICE_FAMILY = "1,2";
			};
			name = Debug;
		};
		9A0D05331FB04B5200CE92FF /* Release */ = {
			isa = XCBuildConfiguration;
			buildSettings = {
				ASSETCATALOG_COMPILER_APPICON_NAME = AppIcon;
				CODE_SIGN_STYLE = Automatic;
				DEVELOPMENT_TEAM = QN236W67X5;
				INFOPLIST_FILE = KontakAlamofire/Info.plist;
				LD_RUNPATH_SEARCH_PATHS = "$(inherited) @executable_path/Frameworks";
				PRODUCT_BUNDLE_IDENTIFIER = programmermuslim.KontakAlamofire;
				PRODUCT_NAME = "$(TARGET_NAME)";
				SWIFT_VERSION = 4.0;
				TARGETED_DEVICE_FAMILY = "1,2";
			};
			name = Release;
		};
		9A0D05351FB04B5200CE92FF /* Debug */ = {
			isa = XCBuildConfiguration;
			buildSettings = {
				ALWAYS_EMBED_SWIFT_STANDARD_LIBRARIES = YES;
				BUNDLE_LOADER = "$(TEST_HOST)";
				CODE_SIGN_STYLE = Automatic;
				DEVELOPMENT_TEAM = QN236W67X5;
				INFOPLIST_FILE = KontakAlamofireTests/Info.plist;
				LD_RUNPATH_SEARCH_PATHS = "$(inherited) @executable_path/Frameworks @loader_path/Frameworks";
				PRODUCT_BUNDLE_IDENTIFIER = programmermuslim.KontakAlamofireTests;
				PRODUCT_NAME = "$(TARGET_NAME)";
				SWIFT_VERSION = 4.0;
				TARGETED_DEVICE_FAMILY = "1,2";
				TEST_HOST = "$(BUILT_PRODUCTS_DIR)/KontakAlamofire.app/KontakAlamofire";
			};
			name = Debug;
		};
		9A0D05361FB04B5200CE92FF /* Release */ = {
			isa = XCBuildConfiguration;
			buildSettings = {
				ALWAYS_EMBED_SWIFT_STANDARD_LIBRARIES = YES;
				BUNDLE_LOADER = "$(TEST_HOST)";
				CODE_SIGN_STYLE = Automatic;
				DEVELOPMENT_TEAM = QN236W67X5;
				INFOPLIST_FILE = KontakAlamofireTests/Info.plist;
				LD_RUNPATH_SEARCH_PATHS = "$(inherited) @executable_path/Frameworks @loader_path/Frameworks";
				PRODUCT_BUNDLE_IDENTIFIER = programmermuslim.KontakAlamofireTests;
				PRODUCT_NAME = "$(TARGET_NAME)";
				SWIFT_VERSION = 4.0;
				TARGETED_DEVICE_FAMILY = "1,2";
				TEST_HOST = "$(BUILT_PRODUCTS_DIR)/KontakAlamofire.app/KontakAlamofire";
			};
			name = Release;
		};
		9A0D05381FB04B5200CE92FF /* Debug */ = {
			isa = XCBuildConfiguration;
			buildSettings = {
				ALWAYS_EMBED_SWIFT_STANDARD_LIBRARIES = YES;
				CODE_SIGN_STYLE = Automatic;
				DEVELOPMENT_TEAM = QN236W67X5;
				INFOPLIST_FILE = KontakAlamofireUITests/Info.plist;
				LD_RUNPATH_SEARCH_PATHS = "$(inherited) @executable_path/Frameworks @loader_path/Frameworks";
				PRODUCT_BUNDLE_IDENTIFIER = programmermuslim.KontakAlamofireUITests;
				PRODUCT_NAME = "$(TARGET_NAME)";
				SWIFT_VERSION = 4.0;
				TARGETED_DEVICE_FAMILY = "1,2";
				TEST_TARGET_NAME = KontakAlamofire;
			};
			name = Debug;
		};
		9A0D05391FB04B5200CE92FF /* Release */ = {
			isa = XCBuildConfiguration;
			buildSettings = {
				ALWAYS_EMBED_SWIFT_STANDARD_LIBRARIES = YES;
				CODE_SIGN_STYLE = Automatic;
				DEVELOPMENT_TEAM = QN236W67X5;
				INFOPLIST_FILE = KontakAlamofireUITests/Info.plist;
				LD_RUNPATH_SEARCH_PATHS = "$(inherited) @executable_path/Frameworks @loader_path/Frameworks";
				PRODUCT_BUNDLE_IDENTIFIER = programmermuslim.KontakAlamofireUITests;
				PRODUCT_NAME = "$(TARGET_NAME)";
				SWIFT_VERSION = 4.0;
				TARGETED_DEVICE_FAMILY = "1,2";
				TEST_TARGET_NAME = KontakAlamofire;
			};
			name = Release;
		};
/* End XCBuildConfiguration section */

/* Begin XCConfigurationList section */
		9A0D05041FB04B5200CE92FF /* Build configuration list for PBXProject "KontakAlamofire" */ = {
			isa = XCConfigurationList;
			buildConfigurations = (
				9A0D052F1FB04B5200CE92FF /* Debug */,
				9A0D05301FB04B5200CE92FF /* Release */,
			);
			defaultConfigurationIsVisible = 0;
			defaultConfigurationName = Release;
		};
		9A0D05311FB04B5200CE92FF /* Build configuration list for PBXNativeTarget "KontakAlamofire" */ = {
			isa = XCConfigurationList;
			buildConfigurations = (
				9A0D05321FB04B5200CE92FF /* Debug */,
				9A0D05331FB04B5200CE92FF /* Release */,
			);
			defaultConfigurationIsVisible = 0;
			defaultConfigurationName = Release;
		};
		9A0D05341FB04B5200CE92FF /* Build configuration list for PBXNativeTarget "KontakAlamofireTests" */ = {
			isa = XCConfigurationList;
			buildConfigurations = (
				9A0D05351FB04B5200CE92FF /* Debug */,
				9A0D05361FB04B5200CE92FF /* Release */,
			);
			defaultConfigurationIsVisible = 0;
			defaultConfigurationName = Release;
		};
		9A0D05371FB04B5200CE92FF /* Build configuration list for PBXNativeTarget "KontakAlamofireUITests" */ = {
			isa = XCConfigurationList;
			buildConfigurations = (
				9A0D05381FB04B5200CE92FF /* Debug */,
				9A0D05391FB04B5200CE92FF /* Release */,
			);
			defaultConfigurationIsVisible = 0;
			defaultConfigurationName = Release;
		};
/* End XCConfigurationList section */
	};
	rootObject = 9A0D05011FB04B5200CE92FF /* Project object */;
}
